// !$*UTF8*$!
{
	archiveVersion = 1;
	classes = {
	};
	objectVersion = 50;
	objects = {

/* Begin PBXBuildFile section */
		B381CA3C23D571AF00E6FBB0 /* AppDelegate.swift in Sources */ = {isa = PBXBuildFile; fileRef = B381CA3B23D571AF00E6FBB0 /* AppDelegate.swift */; };
		B381CA3E23D571AF00E6FBB0 /* SceneDelegate.swift in Sources */ = {isa = PBXBuildFile; fileRef = B381CA3D23D571AF00E6FBB0 /* SceneDelegate.swift */; };
		B381CA5323D571B100E6FBB0 /* URLShortenerAppTests.swift in Sources */ = {isa = PBXBuildFile; fileRef = B381CA5223D571B100E6FBB0 /* URLShortenerAppTests.swift */; };
		B381CA6C23D571DF00E6FBB0 /* StringExtension.swift in Sources */ = {isa = PBXBuildFile; fileRef = B381CA5F23D571DF00E6FBB0 /* StringExtension.swift */; };
		B381CA6D23D571DF00E6FBB0 /* NetworkController.swift in Sources */ = {isa = PBXBuildFile; fileRef = B381CA6123D571DF00E6FBB0 /* NetworkController.swift */; };
		B381CA6E23D571DF00E6FBB0 /* ViewController.swift in Sources */ = {isa = PBXBuildFile; fileRef = B381CA6323D571DF00E6FBB0 /* ViewController.swift */; };
		B381CA7023D571DF00E6FBB0 /* LaunchScreen.storyboard in Resources */ = {isa = PBXBuildFile; fileRef = B381CA6723D571DF00E6FBB0 /* LaunchScreen.storyboard */; };
		B381CA7123D571DF00E6FBB0 /* Main.storyboard in Resources */ = {isa = PBXBuildFile; fileRef = B381CA6923D571DF00E6FBB0 /* Main.storyboard */; };
/* End PBXBuildFile section */

/* Begin PBXContainerItemProxy section */
		B381CA4F23D571B100E6FBB0 /* PBXContainerItemProxy */ = {
			isa = PBXContainerItemProxy;
			containerPortal = B381CA3023D571AF00E6FBB0 /* Project object */;
			proxyType = 1;
			remoteGlobalIDString = B381CA3723D571AF00E6FBB0;
			remoteInfo = URLShortenerApp;
		};
/* End PBXContainerItemProxy section */

/* Begin PBXFileReference section */
		B381CA3823D571AF00E6FBB0 /* URLShortenerApp.app */ = {isa = PBXFileReference; explicitFileType = wrapper.application; includeInIndex = 0; path = URLShortenerApp.app; sourceTree = BUILT_PRODUCTS_DIR; };
		B381CA3B23D571AF00E6FBB0 /* AppDelegate.swift */ = {isa = PBXFileReference; lastKnownFileType = sourcecode.swift; path = AppDelegate.swift; sourceTree = "<group>"; };
		B381CA3D23D571AF00E6FBB0 /* SceneDelegate.swift */ = {isa = PBXFileReference; lastKnownFileType = sourcecode.swift; path = SceneDelegate.swift; sourceTree = "<group>"; };
		B381CA4E23D571B100E6FBB0 /* URLShortenerAppTests.xctest */ = {isa = PBXFileReference; explicitFileType = wrapper.cfbundle; includeInIndex = 0; path = URLShortenerAppTests.xctest; sourceTree = BUILT_PRODUCTS_DIR; };
		B381CA5223D571B100E6FBB0 /* URLShortenerAppTests.swift */ = {isa = PBXFileReference; lastKnownFileType = sourcecode.swift; path = URLShortenerAppTests.swift; sourceTree = "<group>"; };
		B381CA5423D571B100E6FBB0 /* Info.plist */ = {isa = PBXFileReference; lastKnownFileType = text.plist.xml; path = Info.plist; sourceTree = "<group>"; };
		B381CA5F23D571DF00E6FBB0 /* StringExtension.swift */ = {isa = PBXFileReference; fileEncoding = 4; lastKnownFileType = sourcecode.swift; path = StringExtension.swift; sourceTree = "<group>"; };
		B381CA6123D571DF00E6FBB0 /* NetworkController.swift */ = {isa = PBXFileReference; fileEncoding = 4; lastKnownFileType = sourcecode.swift; path = NetworkController.swift; sourceTree = "<group>"; };
		B381CA6323D571DF00E6FBB0 /* ViewController.swift */ = {isa = PBXFileReference; fileEncoding = 4; lastKnownFileType = sourcecode.swift; path = ViewController.swift; sourceTree = "<group>"; };
		B381CA6823D571DF00E6FBB0 /* Base */ = {isa = PBXFileReference; lastKnownFileType = file.storyboard; name = Base; path = Base.lproj/LaunchScreen.storyboard; sourceTree = "<group>"; };
		B381CA6A23D571DF00E6FBB0 /* Base */ = {isa = PBXFileReference; lastKnownFileType = file.storyboard; name = Base; path = Base.lproj/Main.storyboard; sourceTree = "<group>"; };
		B381CA7323D5722500E6FBB0 /* Assets.xcassets */ = {isa = PBXFileReference; lastKnownFileType = folder.assetcatalog; path = Assets.xcassets; sourceTree = "<group>"; };
		B381CA7423D5722500E6FBB0 /* Info.plist */ = {isa = PBXFileReference; lastKnownFileType = text.plist.xml; path = Info.plist; sourceTree = "<group>"; };
		B381CA7523D5727600E6FBB0 /* Info.plist */ = {isa = PBXFileReference; lastKnownFileType = text.plist.xml; path = Info.plist; sourceTree = "<group>"; };
/* End PBXFileReference section */

/* Begin PBXFrameworksBuildPhase section */
		B381CA3523D571AF00E6FBB0 /* Frameworks */ = {
			isa = PBXFrameworksBuildPhase;
			buildActionMask = 2147483647;
			files = (
			);
			runOnlyForDeploymentPostprocessing = 0;
		};
		B381CA4B23D571B100E6FBB0 /* Frameworks */ = {
			isa = PBXFrameworksBuildPhase;
			buildActionMask = 2147483647;
			files = (
			);
			runOnlyForDeploymentPostprocessing = 0;
		};
/* End PBXFrameworksBuildPhase section */

/* Begin PBXGroup section */
		B381CA2F23D571AF00E6FBB0 = {
			isa = PBXGroup;
			children = (
				B381CA3A23D571AF00E6FBB0 /* URLShortenerApp */,
				B381CA5123D571B100E6FBB0 /* URLShortenerAppTests */,
				B381CA3923D571AF00E6FBB0 /* Products */,
			);
			sourceTree = "<group>";
		};
		B381CA3923D571AF00E6FBB0 /* Products */ = {
			isa = PBXGroup;
			children = (
				B381CA3823D571AF00E6FBB0 /* URLShortenerApp.app */,
				B381CA4E23D571B100E6FBB0 /* URLShortenerAppTests.xctest */,
			);
			name = Products;
			sourceTree = "<group>";
		};
		B381CA3A23D571AF00E6FBB0 /* URLShortenerApp */ = {
			isa = PBXGroup;
			children = (
				B381CA7523D5727600E6FBB0 /* Info.plist */,
				B381CA5E23D571DF00E6FBB0 /* Extension */,
				B381CA6023D571DF00E6FBB0 /* Controller */,
				B381CA6423D571DF00E6FBB0 /* Resource */,
				B381CA6623D571DF00E6FBB0 /* Storyboard */,
				B381CA6223D571DF00E6FBB0 /* ViewController */,
				B381CA3B23D571AF00E6FBB0 /* AppDelegate.swift */,
				B381CA3D23D571AF00E6FBB0 /* SceneDelegate.swift */,
			);
			path = URLShortenerApp;
			sourceTree = "<group>";
		};
		B381CA5123D571B100E6FBB0 /* URLShortenerAppTests */ = {
			isa = PBXGroup;
			children = (
				B381CA5223D571B100E6FBB0 /* URLShortenerAppTests.swift */,
				B381CA5423D571B100E6FBB0 /* Info.plist */,
			);
			path = URLShortenerAppTests;
			sourceTree = "<group>";
		};
		B381CA5E23D571DF00E6FBB0 /* Extension */ = {
			isa = PBXGroup;
			children = (
				B381CA5F23D571DF00E6FBB0 /* StringExtension.swift */,
			);
			name = Extension;
			path = ../../../URLShorternerAppppp/URLShortenerApp/Extension;
			sourceTree = "<group>";
		};
		B381CA6023D571DF00E6FBB0 /* Controller */ = {
			isa = PBXGroup;
			children = (
				B381CA6123D571DF00E6FBB0 /* NetworkController.swift */,
			);
			name = Controller;
			path = ../../../URLShorternerAppppp/URLShortenerApp/Controller;
			sourceTree = "<group>";
		};
		B381CA6223D571DF00E6FBB0 /* ViewController */ = {
			isa = PBXGroup;
			children = (
				B381CA6323D571DF00E6FBB0 /* ViewController.swift */,
			);
			name = ViewController;
			path = ../../../URLShorternerAppppp/URLShortenerApp/ViewController;
			sourceTree = "<group>";
		};
		B381CA6423D571DF00E6FBB0 /* Resource */ = {
			isa = PBXGroup;
			children = (
				B381CA7323D5722500E6FBB0 /* Assets.xcassets */,
				B381CA7423D5722500E6FBB0 /* Info.plist */,
			);
			name = Resource;
			path = ../../../URLShorternerAppppp/URLShortenerApp/Resource;
			sourceTree = "<group>";
		};
		B381CA6623D571DF00E6FBB0 /* Storyboard */ = {
			isa = PBXGroup;
			children = (
				B381CA6723D571DF00E6FBB0 /* LaunchScreen.storyboard */,
				B381CA6923D571DF00E6FBB0 /* Main.storyboard */,
			);
			name = Storyboard;
			path = ../../../URLShorternerAppppp/URLShortenerApp/Storyboard;
			sourceTree = "<group>";
		};
/* End PBXGroup section */

/* Begin PBXNativeTarget section */
		B381CA3723D571AF00E6FBB0 /* URLShortenerApp */ = {
			isa = PBXNativeTarget;
			buildConfigurationList = B381CA5723D571B100E6FBB0 /* Build configuration list for PBXNativeTarget "URLShortenerApp" */;
			buildPhases = (
				B381CA3423D571AF00E6FBB0 /* Sources */,
				B381CA3523D571AF00E6FBB0 /* Frameworks */,
				B381CA3623D571AF00E6FBB0 /* Resources */,
			);
			buildRules = (
			);
			dependencies = (
			);
			name = URLShortenerApp;
			productName = URLShortenerApp;
			productReference = B381CA3823D571AF00E6FBB0 /* URLShortenerApp.app */;
			productType = "com.apple.product-type.application";
		};
		B381CA4D23D571B100E6FBB0 /* URLShortenerAppTests */ = {
			isa = PBXNativeTarget;
			buildConfigurationList = B381CA5A23D571B100E6FBB0 /* Build configuration list for PBXNativeTarget "URLShortenerAppTests" */;
			buildPhases = (
				B381CA4A23D571B100E6FBB0 /* Sources */,
				B381CA4B23D571B100E6FBB0 /* Frameworks */,
				B381CA4C23D571B100E6FBB0 /* Resources */,
			);
			buildRules = (
			);
			dependencies = (
				B381CA5023D571B100E6FBB0 /* PBXTargetDependency */,
			);
			name = URLShortenerAppTests;
			productName = URLShortenerAppTests;
			productReference = B381CA4E23D571B100E6FBB0 /* URLShortenerAppTests.xctest */;
			productType = "com.apple.product-type.bundle.unit-test";
		};
/* End PBXNativeTarget section */

/* Begin PBXProject section */
		B381CA3023D571AF00E6FBB0 /* Project object */ = {
			isa = PBXProject;
			attributes = {
				LastSwiftUpdateCheck = 1120;
				LastUpgradeCheck = 1120;
				ORGANIZATIONNAME = PiPyL;
				TargetAttributes = {
					B381CA3723D571AF00E6FBB0 = {
						CreatedOnToolsVersion = 11.2.1;
					};
					B381CA4D23D571B100E6FBB0 = {
						CreatedOnToolsVersion = 11.2.1;
						TestTargetID = B381CA3723D571AF00E6FBB0;
					};
				};
			};
			buildConfigurationList = B381CA3323D571AF00E6FBB0 /* Build configuration list for PBXProject "URLShortenerApp" */;
			compatibilityVersion = "Xcode 9.3";
			developmentRegion = en;
			hasScannedForEncodings = 0;
			knownRegions = (
				en,
				Base,
			);
			mainGroup = B381CA2F23D571AF00E6FBB0;
			productRefGroup = B381CA3923D571AF00E6FBB0 /* Products */;
			projectDirPath = "";
			projectRoot = "";
			targets = (
				B381CA3723D571AF00E6FBB0 /* URLShortenerApp */,
				B381CA4D23D571B100E6FBB0 /* URLShortenerAppTests */,
			);
		};
/* End PBXProject section */

/* Begin PBXResourcesBuildPhase section */
		B381CA3623D571AF00E6FBB0 /* Resources */ = {
			isa = PBXResourcesBuildPhase;
			buildActionMask = 2147483647;
			files = (
				B381CA7123D571DF00E6FBB0 /* Main.storyboard in Resources */,
				B381CA7023D571DF00E6FBB0 /* LaunchScreen.storyboard in Resources */,
			);
			runOnlyForDeploymentPostprocessing = 0;
		};
		B381CA4C23D571B100E6FBB0 /* Resources */ = {
			isa = PBXResourcesBuildPhase;
			buildActionMask = 2147483647;
			files = (
			);
			runOnlyForDeploymentPostprocessing = 0;
		};
/* End PBXResourcesBuildPhase section */

/* Begin PBXSourcesBuildPhase section */
		B381CA3423D571AF00E6FBB0 /* Sources */ = {
			isa = PBXSourcesBuildPhase;
			buildActionMask = 2147483647;
			files = (
				B381CA6E23D571DF00E6FBB0 /* ViewController.swift in Sources */,
				B381CA6D23D571DF00E6FBB0 /* NetworkController.swift in Sources */,
				B381CA6C23D571DF00E6FBB0 /* StringExtension.swift in Sources */,
				B381CA3C23D571AF00E6FBB0 /* AppDelegate.swift in Sources */,
				B381CA3E23D571AF00E6FBB0 /* SceneDelegate.swift in Sources */,
			);
			runOnlyForDeploymentPostprocessing = 0;
		};
		B381CA4A23D571B100E6FBB0 /* Sources */ = {
			isa = PBXSourcesBuildPhase;
			buildActionMask = 2147483647;
			files = (
				B381CA5323D571B100E6FBB0 /* URLShortenerAppTests.swift in Sources */,
			);
			runOnlyForDeploymentPostprocessing = 0;
		};
/* End PBXSourcesBuildPhase section */

/* Begin PBXTargetDependency section */
		B381CA5023D571B100E6FBB0 /* PBXTargetDependency */ = {
			isa = PBXTargetDependency;
			target = B381CA3723D571AF00E6FBB0 /* URLShortenerApp */;
			targetProxy = B381CA4F23D571B100E6FBB0 /* PBXContainerItemProxy */;
		};
/* End PBXTargetDependency section */

/* Begin PBXVariantGroup section */
		B381CA6723D571DF00E6FBB0 /* LaunchScreen.storyboard */ = {
			isa = PBXVariantGroup;
			children = (
				B381CA6823D571DF00E6FBB0 /* Base */,
			);
			name = LaunchScreen.storyboard;
			sourceTree = "<group>";
		};
		B381CA6923D571DF00E6FBB0 /* Main.storyboard */ = {
			isa = PBXVariantGroup;
			children = (
				B381CA6A23D571DF00E6FBB0 /* Base */,
			);
			name = Main.storyboard;
			sourceTree = "<group>";
		};
/* End PBXVariantGroup section */

/* Begin XCBuildConfiguration section */
		B381CA5523D571B100E6FBB0 /* Debug */ = {
			isa = XCBuildConfiguration;
			buildSettings = {
				ALWAYS_SEARCH_USER_PATHS = NO;
				CLANG_ANALYZER_NONNULL = YES;
				CLANG_ANALYZER_NUMBER_OBJECT_CONVERSION = YES_AGGRESSIVE;
				CLANG_CXX_LANGUAGE_STANDARD = "gnu++14";
				CLANG_CXX_LIBRARY = "libc++";
				CLANG_ENABLE_MODULES = YES;
				CLANG_ENABLE_OBJC_ARC = YES;
				CLANG_ENABLE_OBJC_WEAK = YES;
				CLANG_WARN_BLOCK_CAPTURE_AUTORELEASING = YES;
				CLANG_WARN_BOOL_CONVERSION = YES;
				CLANG_WARN_COMMA = YES;
				CLANG_WARN_CONSTANT_CONVERSION = YES;
				CLANG_WARN_DEPRECATED_OBJC_IMPLEMENTATIONS = YES;
				CLANG_WARN_DIRECT_OBJC_ISA_USAGE = YES_ERROR;
				CLANG_WARN_DOCUMENTATION_COMMENTS = YES;
				CLANG_WARN_EMPTY_BODY = YES;
				CLANG_WARN_ENUM_CONVERSION = YES;
				CLANG_WARN_INFINITE_RECURSION = YES;
				CLANG_WARN_INT_CONVERSION = YES;
				CLANG_WARN_NON_LITERAL_NULL_CONVERSION = YES;
				CLANG_WARN_OBJC_IMPLICIT_RETAIN_SELF = YES;
				CLANG_WARN_OBJC_LITERAL_CONVERSION = YES;
				CLANG_WARN_OBJC_ROOT_CLASS = YES_ERROR;
				CLANG_WARN_RANGE_LOOP_ANALYSIS = YES;
				CLANG_WARN_STRICT_PROTOTYPES = YES;
				CLANG_WARN_SUSPICIOUS_MOVE = YES;
				CLANG_WARN_UNGUARDED_AVAILABILITY = YES_AGGRESSIVE;
				CLANG_WARN_UNREACHABLE_CODE = YES;
				CLANG_WARN__DUPLICATE_METHOD_MATCH = YES;
				COPY_PHASE_STRIP = NO;
				DEBUG_INFORMATION_FORMAT = dwarf;
				ENABLE_STRICT_OBJC_MSGSEND = YES;
				ENABLE_TESTABILITY = YES;
				GCC_C_LANGUAGE_STANDARD = gnu11;
				GCC_DYNAMIC_NO_PIC = NO;
				GCC_NO_COMMON_BLOCKS = YES;
				GCC_OPTIMIZATION_LEVEL = 0;
				GCC_PREPROCESSOR_DEFINITIONS = (
					"DEBUG=1",
					"$(inherited)",
				);
				GCC_WARN_64_TO_32_BIT_CONVERSION = YES;
				GCC_WARN_ABOUT_RETURN_TYPE = YES_ERROR;
				GCC_WARN_UNDECLARED_SELECTOR = YES;
				GCC_WARN_UNINITIALIZED_AUTOS = YES_AGGRESSIVE;
				GCC_WARN_UNUSED_FUNCTION = YES;
				GCC_WARN_UNUSED_VARIABLE = YES;
				IPHONEOS_DEPLOYMENT_TARGET = 13.2;
				MTL_ENABLE_DEBUG_INFO = INCLUDE_SOURCE;
				MTL_FAST_MATH = YES;
				ONLY_ACTIVE_ARCH = YES;
				SDKROOT = iphoneos;
				SWIFT_ACTIVE_COMPILATION_CONDITIONS = DEBUG;
				SWIFT_OPTIMIZATION_LEVEL = "-Onone";
			};
			name = Debug;
		};
		B381CA5623D571B100E6FBB0 /* Release */ = {
			isa = XCBuildConfiguration;
			buildSettings = {
				ALWAYS_SEARCH_USER_PATHS = NO;
				CLANG_ANALYZER_NONNULL = YES;
				CLANG_ANALYZER_NUMBER_OBJECT_CONVERSION = YES_AGGRESSIVE;
				CLANG_CXX_LANGUAGE_STANDARD = "gnu++14";
				CLANG_CXX_LIBRARY = "libc++";
				CLANG_ENABLE_MODULES = YES;
				CLANG_ENABLE_OBJC_ARC = YES;
				CLANG_ENABLE_OBJC_WEAK = YES;
				CLANG_WARN_BLOCK_CAPTURE_AUTORELEASING = YES;
				CLANG_WARN_BOOL_CONVERSION = YES;
				CLANG_WARN_COMMA = YES;
				CLANG_WARN_CONSTANT_CONVERSION = YES;
				CLANG_WARN_DEPRECATED_OBJC_IMPLEMENTATIONS = YES;
				CLANG_WARN_DIRECT_OBJC_ISA_USAGE = YES_ERROR;
				CLANG_WARN_DOCUMENTATION_COMMENTS = YES;
				CLANG_WARN_EMPTY_BODY = YES;
				CLANG_WARN_ENUM_CONVERSION = YES;
				CLANG_WARN_INFINITE_RECURSION = YES;
				CLANG_WARN_INT_CONVERSION = YES;
				CLANG_WARN_NON_LITERAL_NULL_CONVERSION = YES;
				CLANG_WARN_OBJC_IMPLICIT_RETAIN_SELF = YES;
				CLANG_WARN_OBJC_LITERAL_CONVERSION = YES;
				CLANG_WARN_OBJC_ROOT_CLASS = YES_ERROR;
				CLANG_WARN_RANGE_LOOP_ANALYSIS = YES;
				CLANG_WARN_STRICT_PROTOTYPES = YES;
				CLANG_WARN_SUSPICIOUS_MOVE = YES;
				CLANG_WARN_UNGUARDED_AVAILABILITY = YES_AGGRESSIVE;
				CLANG_WARN_UNREACHABLE_CODE = YES;
				CLANG_WARN__DUPLICATE_METHOD_MATCH = YES;
				COPY_PHASE_STRIP = NO;
				DEBUG_INFORMATION_FORMAT = "dwarf-with-dsym";
				ENABLE_NS_ASSERTIONS = NO;
				ENABLE_STRICT_OBJC_MSGSEND = YES;
				GCC_C_LANGUAGE_STANDARD = gnu11;
				GCC_NO_COMMON_BLOCKS = YES;
				GCC_WARN_64_TO_32_BIT_CONVERSION = YES;
				GCC_WARN_ABOUT_RETURN_TYPE = YES_ERROR;
				GCC_WARN_UNDECLARED_SELECTOR = YES;
				GCC_WARN_UNINITIALIZED_AUTOS = YES_AGGRESSIVE;
				GCC_WARN_UNUSED_FUNCTION = YES;
				GCC_WARN_UNUSED_VARIABLE = YES;
				IPHONEOS_DEPLOYMENT_TARGET = 13.2;
				MTL_ENABLE_DEBUG_INFO = NO;
				MTL_FAST_MATH = YES;
				SDKROOT = iphoneos;
				SWIFT_COMPILATION_MODE = wholemodule;
				SWIFT_OPTIMIZATION_LEVEL = "-O";
				VALIDATE_PRODUCT = YES;
			};
			name = Release;
		};
		B381CA5823D571B100E6FBB0 /* Debug */ = {
			isa = XCBuildConfiguration;
			buildSettings = {
				ASSETCATALOG_COMPILER_APPICON_NAME = AppIcon;
				CODE_SIGN_STYLE = Automatic;
				DEVELOPMENT_TEAM = RJ433W8Z94;
				INFOPLIST_FILE = URLShortenerApp/Info.plist;
				LD_RUNPATH_SEARCH_PATHS = (
					"$(inherited)",
					"@executable_path/Frameworks",
				);
				PRODUCT_BUNDLE_IDENTIFIER = PiPyL.URLShortenerApp;
				PRODUCT_NAME = "$(TARGET_NAME)";
				SWIFT_VERSION = 5.0;
				TARGETED_DEVICE_FAMILY = "1,2";
			};
			name = Debug;
		};
		B381CA5923D571B100E6FBB0 /* Release */ = {
			isa = XCBuildConfiguration;
			buildSettings = {
				ASSETCATALOG_COMPILER_APPICON_NAME = AppIcon;
				CODE_SIGN_STYLE = Automatic;
				DEVELOPMENT_TEAM = RJ433W8Z94;
				INFOPLIST_FILE = URLShortenerApp/Info.plist;
				LD_RUNPATH_SEARCH_PATHS = (
					"$(inherited)",
					"@executable_path/Frameworks",
				);
				PRODUCT_BUNDLE_IDENTIFIER = PiPyL.URLShortenerApp;
				PRODUCT_NAME = "$(TARGET_NAME)";
				SWIFT_VERSION = 5.0;
				TARGETED_DEVICE_FAMILY = "1,2";
			};
			name = Release;
		};
		B381CA5B23D571B100E6FBB0 /* Debug */ = {
			isa = XCBuildConfiguration;
			buildSettings = {
				ALWAYS_EMBED_SWIFT_STANDARD_LIBRARIES = YES;
				BUNDLE_LOADER = "$(TEST_HOST)";
				CODE_SIGN_STYLE = Automatic;
				DEVELOPMENT_TEAM = RJ433W8Z94;
				INFOPLIST_FILE = URLShortenerAppTests/Info.plist;
				IPHONEOS_DEPLOYMENT_TARGET = 13.2;
				LD_RUNPATH_SEARCH_PATHS = (
					"$(inherited)",
					"@executable_path/Frameworks",
					"@loader_path/Frameworks",
				);
				PRODUCT_BUNDLE_IDENTIFIER = PiPyL.URLShortenerAppTests;
				PRODUCT_NAME = "$(TARGET_NAME)";
				SWIFT_VERSION = 5.0;
				TARGETED_DEVICE_FAMILY = "1,2";
				TEST_HOST = "$(BUILT_PRODUCTS_DIR)/URLShortenerApp.app/URLShortenerApp";
			};
			name = Debug;
		};
		B381CA5C23D571B100E6FBB0 /* Release */ = {
			isa = XCBuildConfiguration;
			buildSettings = {
				ALWAYS_EMBED_SWIFT_STANDARD_LIBRARIES = YES;
				BUNDLE_LOADER = "$(TEST_HOST)";
				CODE_SIGN_STYLE = Automatic;
				DEVELOPMENT_TEAM = RJ433W8Z94;
				INFOPLIST_FILE = URLShortenerAppTests/Info.plist;
				IPHONEOS_DEPLOYMENT_TARGET = 13.2;
				LD_RUNPATH_SEARCH_PATHS = (
					"$(inherited)",
					"@executable_path/Frameworks",
					"@loader_path/Frameworks",
				);
				PRODUCT_BUNDLE_IDENTIFIER = PiPyL.URLShortenerAppTests;
				PRODUCT_NAME = "$(TARGET_NAME)";
				SWIFT_VERSION = 5.0;
				TARGETED_DEVICE_FAMILY = "1,2";
				TEST_HOST = "$(BUILT_PRODUCTS_DIR)/URLShortenerApp.app/URLShortenerApp";
			};
			name = Release;
		};
/* End XCBuildConfiguration section */

/* Begin XCConfigurationList section */
		B381CA3323D571AF00E6FBB0 /* Build configuration list for PBXProject "URLShortenerApp" */ = {
			isa = XCConfigurationList;
			buildConfigurations = (
				B381CA5523D571B100E6FBB0 /* Debug */,
				B381CA5623D571B100E6FBB0 /* Release */,
			);
			defaultConfigurationIsVisible = 0;
			defaultConfigurationName = Release;
		};
		B381CA5723D571B100E6FBB0 /* Build configuration list for PBXNativeTarget "URLShortenerApp" */ = {
			isa = XCConfigurationList;
			buildConfigurations = (
				B381CA5823D571B100E6FBB0 /* Debug */,
				B381CA5923D571B100E6FBB0 /* Release */,
			);
			defaultConfigurationIsVisible = 0;
			defaultConfigurationName = Release;
		};
		B381CA5A23D571B100E6FBB0 /* Build configuration list for PBXNativeTarget "URLShortenerAppTests" */ = {
			isa = XCConfigurationList;
			buildConfigurations = (
				B381CA5B23D571B100E6FBB0 /* Debug */,
				B381CA5C23D571B100E6FBB0 /* Release */,
			);
			defaultConfigurationIsVisible = 0;
			defaultConfigurationName = Release;
		};
/* End XCConfigurationList section */
	};
	rootObject = B381CA3023D571AF00E6FBB0 /* Project object */;
}
